// !$*UTF8*$!
{
	archiveVersion = 1;
	classes = {
	};
	objectVersion = 77;
	objects = {

/* Begin PBXBuildFile section */
		4A9F5EA06856CBFD8370045D /* Sparkle in Frameworks */ = {isa = PBXBuildFile; productRef = C5D9643D08708983029FDBC3 /* Sparkle */; };
		74CC63FC1536F1A0FD3D5B44 /* Metrics.swift in Sources */ = {isa = PBXBuildFile; fileRef = 5D27D729E073AD0060C424CF /* Metrics.swift */; };
		7896753B9E69D9630F92C05C /* AppIcon.icns in Resources */ = {isa = PBXBuildFile; fileRef = B97D3C759E6204D7DAA0A7DA /* AppIcon.icns */; };
		9A8E34527895C31869888933 /* main.swift in Sources */ = {isa = PBXBuildFile; fileRef = A5685EDF25CA92801CEB5C2E /* main.swift */; };
		A919F5D04EB40570AFD5B4E5 /* Settings.swift in Sources */ = {isa = PBXBuildFile; fileRef = F365830E86C96D45B8CABC92 /* Settings.swift */; };
		EDEE3607110E36302BE8FB69 /* Assets.xcassets in Resources */ = {isa = PBXBuildFile; fileRef = 418D3BA6533D8CE06B82A090 /* Assets.xcassets */; };
		F1A71E84533B0760EE968D0E /* Updater.swift in Sources */ = {isa = PBXBuildFile; fileRef = 9176001C9321AC6C25E2A64A /* Updater.swift */; };
/* End PBXBuildFile section */

/* Begin PBXFileReference section */
		418D3BA6533D8CE06B82A090 /* Assets.xcassets */ = {isa = PBXFileReference; lastKnownFileType = folder.assetcatalog; path = Assets.xcassets; sourceTree = "<group>"; };
		49F570FEB5681B1292BAC827 /* SystemLoad.app */ = {isa = PBXFileReference; explicitFileType = wrapper.application; includeInIndex = 0; path = SystemLoad.app; sourceTree = BUILT_PRODUCTS_DIR; };
		5D27D729E073AD0060C424CF /* Metrics.swift */ = {isa = PBXFileReference; lastKnownFileType = sourcecode.swift; path = Metrics.swift; sourceTree = "<group>"; };
		9176001C9321AC6C25E2A64A /* Updater.swift */ = {isa = PBXFileReference; lastKnownFileType = sourcecode.swift; path = Updater.swift; sourceTree = "<group>"; };
		9A0A099187C8CAA125EF6412 /* Info.plist */ = {isa = PBXFileReference; lastKnownFileType = text.plist; path = Info.plist; sourceTree = "<group>"; };
		A5685EDF25CA92801CEB5C2E /* main.swift */ = {isa = PBXFileReference; lastKnownFileType = sourcecode.swift; path = main.swift; sourceTree = "<group>"; };
		B97D3C759E6204D7DAA0A7DA /* AppIcon.icns */ = {isa = PBXFileReference; lastKnownFileType = image.icns; path = AppIcon.icns; sourceTree = "<group>"; };
		F365830E86C96D45B8CABC92 /* Settings.swift */ = {isa = PBXFileReference; lastKnownFileType = sourcecode.swift; path = Settings.swift; sourceTree = "<group>"; };
/* End PBXFileReference section */

/* Begin PBXFrameworksBuildPhase section */
		4630C95161414A09F892D60B /* Frameworks */ = {
			isa = PBXFrameworksBuildPhase;
			buildActionMask = 2147483647;
			files = (
				4A9F5EA06856CBFD8370045D /* Sparkle in Frameworks */,
			);
			runOnlyForDeploymentPostprocessing = 0;
		};
/* End PBXFrameworksBuildPhase section */

/* Begin PBXGroup section */
		77059C07958A8A4E7114632D = {
			isa = PBXGroup;
			children = (
				AFE2B14675CEB18E0F3EF294 /* SystemLoad */,
				E37B90F08F21777943E470FE /* Products */,
			);
			sourceTree = "<group>";
		};
		AFE2B14675CEB18E0F3EF294 /* SystemLoad */ = {
			isa = PBXGroup;
			children = (
				B8A07B8309BB6145B9744B7E /* Resources */,
				418D3BA6533D8CE06B82A090 /* Assets.xcassets */,
				9A0A099187C8CAA125EF6412 /* Info.plist */,
				A5685EDF25CA92801CEB5C2E /* main.swift */,
				5D27D729E073AD0060C424CF /* Metrics.swift */,
				F365830E86C96D45B8CABC92 /* Settings.swift */,
				9176001C9321AC6C25E2A64A /* Updater.swift */,
			);
			path = SystemLoad;
			sourceTree = "<group>";
		};
		B8A07B8309BB6145B9744B7E /* Resources */ = {
			isa = PBXGroup;
			children = (
				B97D3C759E6204D7DAA0A7DA /* AppIcon.icns */,
			);
			path = Resources;
			sourceTree = "<group>";
		};
		E37B90F08F21777943E470FE /* Products */ = {
			isa = PBXGroup;
			children = (
				49F570FEB5681B1292BAC827 /* SystemLoad.app */,
			);
			name = Products;
			sourceTree = "<group>";
		};
/* End PBXGroup section */

/* Begin PBXNativeTarget section */
		D7A367D5FCEB4AE2E03B65A0 /* SystemLoad */ = {
			isa = PBXNativeTarget;
			buildConfigurationList = 11580E4062968281AD1BAA69 /* Build configuration list for PBXNativeTarget "SystemLoad" */;
			buildPhases = (
				8CF61732F1E2B071185F958D /* Sources */,
				D603C90EABECDAF8A9D33192 /* Resources */,
				4630C95161414A09F892D60B /* Frameworks */,
			);
			buildRules = (
			);
			dependencies = (
			);
			name = SystemLoad;
			packageProductDependencies = (
				C5D9643D08708983029FDBC3 /* Sparkle */,
			);
			productName = SystemLoad;
			productReference = 49F570FEB5681B1292BAC827 /* SystemLoad.app */;
			productType = "com.apple.product-type.application";
		};
/* End PBXNativeTarget section */

/* Begin PBXProject section */
		460DA8A152D7ADFCA3EE4DE8 /* Project object */ = {
			isa = PBXProject;
			attributes = {
				BuildIndependentTargetsInParallel = YES;
				LastUpgradeCheck = 1430;
				TargetAttributes = {
					D7A367D5FCEB4AE2E03B65A0 = {
						DevelopmentTeam = "";
						ProvisioningStyle = Manual;
					};
				};
			};
			buildConfigurationList = A04BBFD0DB73B6EADDBDD0F2 /* Build configuration list for PBXProject "SystemLoad" */;
			compatibilityVersion = "Xcode 14.0";
			developmentRegion = en;
			hasScannedForEncodings = 0;
			knownRegions = (
				Base,
				en,
			);
			mainGroup = 77059C07958A8A4E7114632D;
			minimizedProjectReferenceProxies = 1;
			packageReferences = (
				FB57BB88A50329D47A720945 /* XCRemoteSwiftPackageReference "Sparkle" */,
			);
			preferredProjectObjectVersion = 77;
			projectDirPath = "";
			projectRoot = "";
			targets = (
				D7A367D5FCEB4AE2E03B65A0 /* SystemLoad */,
			);
		};
/* End PBXProject section */

/* Begin PBXResourcesBuildPhase section */
		D603C90EABECDAF8A9D33192 /* Resources */ = {
			isa = PBXResourcesBuildPhase;
			buildActionMask = 2147483647;
			files = (
				7896753B9E69D9630F92C05C /* AppIcon.icns in Resources */,
				EDEE3607110E36302BE8FB69 /* Assets.xcassets in Resources */,
			);
			runOnlyForDeploymentPostprocessing = 0;
		};
/* End PBXResourcesBuildPhase section */

/* Begin PBXSourcesBuildPhase section */
		8CF61732F1E2B071185F958D /* Sources */ = {
			isa = PBXSourcesBuildPhase;
			buildActionMask = 2147483647;
			files = (
				74CC63FC1536F1A0FD3D5B44 /* Metrics.swift in Sources */,
				A919F5D04EB40570AFD5B4E5 /* Settings.swift in Sources */,
				F1A71E84533B0760EE968D0E /* Updater.swift in Sources */,
				9A8E34527895C31869888933 /* main.swift in Sources */,
			);
			runOnlyForDeploymentPostprocessing = 0;
		};
/* End PBXSourcesBuildPhase section */

/* Begin XCBuildConfiguration section */
		3442D6D7F0BCD8ADE46D3C03 /* Debug */ = {
			isa = XCBuildConfiguration;
			buildSettings = {
				ALWAYS_SEARCH_USER_PATHS = NO;
				CLANG_ANALYZER_NONNULL = YES;
				CLANG_ANALYZER_NUMBER_OBJECT_CONVERSION = YES_AGGRESSIVE;
				CLANG_CXX_LANGUAGE_STANDARD = "gnu++14";
				CLANG_CXX_LIBRARY = "libc++";
				CLANG_ENABLE_MODULES = YES;
				CLANG_ENABLE_OBJC_ARC = YES;
				CLANG_ENABLE_OBJC_WEAK = YES;
				CLANG_WARN_BLOCK_CAPTURE_AUTORELEASING = YES;
				CLANG_WARN_BOOL_CONVERSION = YES;
				CLANG_WARN_COMMA = YES;
				CLANG_WARN_CONSTANT_CONVERSION = YES;
				CLANG_WARN_DEPRECATED_OBJC_IMPLEMENTATIONS = YES;
				CLANG_WARN_DIRECT_OBJC_ISA_USAGE = YES_ERROR;
				CLANG_WARN_DOCUMENTATION_COMMENTS = YES;
				CLANG_WARN_EMPTY_BODY = YES;
				CLANG_WARN_ENUM_CONVERSION = YES;
				CLANG_WARN_INFINITE_RECURSION = YES;
				CLANG_WARN_INT_CONVERSION = YES;
				CLANG_WARN_NON_LITERAL_NULL_CONVERSION = YES;
				CLANG_WARN_OBJC_IMPLICIT_RETAIN_SELF = YES;
				CLANG_WARN_OBJC_LITERAL_CONVERSION = YES;
				CLANG_WARN_OBJC_ROOT_CLASS = YES_ERROR;
				CLANG_WARN_QUOTED_INCLUDE_IN_FRAMEWORK_HEADER = YES;
				CLANG_WARN_RANGE_LOOP_ANALYSIS = YES;
				CLANG_WARN_STRICT_PROTOTYPES = YES;
				CLANG_WARN_SUSPICIOUS_MOVE = YES;
				CLANG_WARN_UNGUARDED_AVAILABILITY = YES_AGGRESSIVE;
				CLANG_WARN_UNREACHABLE_CODE = YES;
				CLANG_WARN__DUPLICATE_METHOD_MATCH = YES;
				COPY_PHASE_STRIP = NO;
				CURRENT_PROJECT_VERSION = 2;
				DEBUG_INFORMATION_FORMAT = dwarf;
				ENABLE_STRICT_OBJC_MSGSEND = YES;
				ENABLE_TESTABILITY = YES;
				GCC_C_LANGUAGE_STANDARD = gnu11;
				GCC_DYNAMIC_NO_PIC = NO;
				GCC_NO_COMMON_BLOCKS = YES;
				GCC_OPTIMIZATION_LEVEL = 0;
				GCC_PREPROCESSOR_DEFINITIONS = (
					"$(inherited)",
					"DEBUG=1",
				);
				GCC_WARN_64_TO_32_BIT_CONVERSION = YES;
				GCC_WARN_ABOUT_RETURN_TYPE = YES_ERROR;
				GCC_WARN_UNDECLARED_SELECTOR = YES;
				GCC_WARN_UNINITIALIZED_AUTOS = YES_AGGRESSIVE;
				GCC_WARN_UNUSED_FUNCTION = YES;
				GCC_WARN_UNUSED_VARIABLE = YES;
				MACOSX_DEPLOYMENT_TARGET = 13.0;
				MARKETING_VERSION = 1.0.1;
				MTL_ENABLE_DEBUG_INFO = INCLUDE_SOURCE;
				MTL_FAST_MATH = YES;
				ONLY_ACTIVE_ARCH = YES;
				PRODUCT_NAME = "$(TARGET_NAME)";
				SDKROOT = macosx;
				SWIFT_ACTIVE_COMPILATION_CONDITIONS = DEBUG;
				SWIFT_OPTIMIZATION_LEVEL = "-Onone";
				SWIFT_VERSION = 5.0;
			};
			name = Debug;
		};
		87527C772C523348D6C85317 /* Debug */ = {
			isa = XCBuildConfiguration;
			buildSettings = {
				ASSETCATALOG_COMPILER_APPICON_NAME = AppIcon;
				CODE_SIGN_IDENTITY = "-";
				CODE_SIGN_STYLE = Manual;
				COMBINE_HIDPI_IMAGES = YES;
				DEVELOPMENT_TEAM = "";
				ENABLE_HARDENED_RUNTIME = NO;
				INFOPLIST_FILE = SystemLoad/Info.plist;
				LD_RUNPATH_SEARCH_PATHS = (
					"$(inherited)",
					"@executable_path/../Frameworks",
				);
				PRODUCT_BUNDLE_IDENTIFIER = com.vkuznetsov.systemload;
				PRODUCT_NAME = SystemLoad;
				SDKROOT = macosx;
			};
			name = Debug;
		};
		CE776A60064D95D5290A705D /* Release */ = {
			isa = XCBuildConfiguration;
			buildSettings = {
				ALWAYS_SEARCH_USER_PATHS = NO;
				CLANG_ANALYZER_NONNULL = YES;
				CLANG_ANALYZER_NUMBER_OBJECT_CONVERSION = YES_AGGRESSIVE;
				CLANG_CXX_LANGUAGE_STANDARD = "gnu++14";
				CLANG_CXX_LIBRARY = "libc++";
				CLANG_ENABLE_MODULES = YES;
				CLANG_ENABLE_OBJC_ARC = YES;
				CLANG_ENABLE_OBJC_WEAK = YES;
				CLANG_WARN_BLOCK_CAPTURE_AUTORELEASING = YES;
				CLANG_WARN_BOOL_CONVERSION = YES;
				CLANG_WARN_COMMA = YES;
				CLANG_WARN_CONSTANT_CONVERSION = YES;
				CLANG_WARN_DEPRECATED_OBJC_IMPLEMENTATIONS = YES;
				CLANG_WARN_DIRECT_OBJC_ISA_USAGE = YES_ERROR;
				CLANG_WARN_DOCUMENTATION_COMMENTS = YES;
				CLANG_WARN_EMPTY_BODY = YES;
				CLANG_WARN_ENUM_CONVERSION = YES;
				CLANG_WARN_INFINITE_RECURSION = YES;
				CLANG_WARN_INT_CONVERSION = YES;
				CLANG_WARN_NON_LITERAL_NULL_CONVERSION = YES;
				CLANG_WARN_OBJC_IMPLICIT_RETAIN_SELF = YES;
				CLANG_WARN_OBJC_LITERAL_CONVERSION = YES;
				CLANG_WARN_OBJC_ROOT_CLASS = YES_ERROR;
				CLANG_WARN_QUOTED_INCLUDE_IN_FRAMEWORK_HEADER = YES;
				CLANG_WARN_RANGE_LOOP_ANALYSIS = YES;
				CLANG_WARN_STRICT_PROTOTYPES = YES;
				CLANG_WARN_SUSPICIOUS_MOVE = YES;
				CLANG_WARN_UNGUARDED_AVAILABILITY = YES_AGGRESSIVE;
				CLANG_WARN_UNREACHABLE_CODE = YES;
				CLANG_WARN__DUPLICATE_METHOD_MATCH = YES;
				COPY_PHASE_STRIP = NO;
				CURRENT_PROJECT_VERSION = 2;
				DEBUG_INFORMATION_FORMAT = "dwarf-with-dsym";
				ENABLE_NS_ASSERTIONS = NO;
				ENABLE_STRICT_OBJC_MSGSEND = YES;
				GCC_C_LANGUAGE_STANDARD = gnu11;
				GCC_NO_COMMON_BLOCKS = YES;
				GCC_WARN_64_TO_32_BIT_CONVERSION = YES;
				GCC_WARN_ABOUT_RETURN_TYPE = YES_ERROR;
				GCC_WARN_UNDECLARED_SELECTOR = YES;
				GCC_WARN_UNINITIALIZED_AUTOS = YES_AGGRESSIVE;
				GCC_WARN_UNUSED_FUNCTION = YES;
				GCC_WARN_UNUSED_VARIABLE = YES;
				MACOSX_DEPLOYMENT_TARGET = 13.0;
				MARKETING_VERSION = 1.0.1;
				MTL_ENABLE_DEBUG_INFO = NO;
				MTL_FAST_MATH = YES;
				PRODUCT_NAME = "$(TARGET_NAME)";
				SDKROOT = macosx;
				SWIFT_COMPILATION_MODE = wholemodule;
				SWIFT_OPTIMIZATION_LEVEL = "-O";
				SWIFT_VERSION = 5.0;
			};
			name = Release;
		};
		E3C2DF0111F7800EC3D9F8D4 /* Release */ = {
			isa = XCBuildConfiguration;
			buildSettings = {
				ASSETCATALOG_COMPILER_APPICON_NAME = AppIcon;
				CODE_SIGN_IDENTITY = "-";
				CODE_SIGN_STYLE = Manual;
				COMBINE_HIDPI_IMAGES = YES;
				DEVELOPMENT_TEAM = "";
				ENABLE_HARDENED_RUNTIME = NO;
				INFOPLIST_FILE = SystemLoad/Info.plist;
				LD_RUNPATH_SEARCH_PATHS = (
					"$(inherited)",
					"@executable_path/../Frameworks",
				);
				PRODUCT_BUNDLE_IDENTIFIER = com.vkuznetsov.systemload;
				PRODUCT_NAME = SystemLoad;
				SDKROOT = macosx;
			};
			name = Release;
		};
/* End XCBuildConfiguration section */

/* Begin XCConfigurationList section */
		11580E4062968281AD1BAA69 /* Build configuration list for PBXNativeTarget "SystemLoad" */ = {
			isa = XCConfigurationList;
			buildConfigurations = (
				87527C772C523348D6C85317 /* Debug */,
				E3C2DF0111F7800EC3D9F8D4 /* Release */,
			);
			defaultConfigurationIsVisible = 0;
			defaultConfigurationName = Debug;
		};
		A04BBFD0DB73B6EADDBDD0F2 /* Build configuration list for PBXProject "SystemLoad" */ = {
			isa = XCConfigurationList;
			buildConfigurations = (
				3442D6D7F0BCD8ADE46D3C03 /* Debug */,
				CE776A60064D95D5290A705D /* Release */,
			);
			defaultConfigurationIsVisible = 0;
			defaultConfigurationName = Debug;
		};
/* End XCConfigurationList section */

/* Begin XCRemoteSwiftPackageReference section */
		FB57BB88A50329D47A720945 /* XCRemoteSwiftPackageReference "Sparkle" */ = {
			isa = XCRemoteSwiftPackageReference;
			repositoryURL = "https://github.com/sparkle-project/Sparkle";
			requirement = {
				kind = upToNextMajorVersion;
				minimumVersion = 2.5.0;
			};
		};
/* End XCRemoteSwiftPackageReference section */

/* Begin XCSwiftPackageProductDependency section */
		C5D9643D08708983029FDBC3 /* Sparkle */ = {
			isa = XCSwiftPackageProductDependency;
			package = FB57BB88A50329D47A720945 /* XCRemoteSwiftPackageReference "Sparkle" */;
			productName = Sparkle;
		};
/* End XCSwiftPackageProductDependency section */
	};
	rootObject = 460DA8A152D7ADFCA3EE4DE8 /* Project object */;
}
